
Microsoft Visual Studio Solution File, Format Version 12.00
# Visual Studio Version 17
VisualStudioVersion = 17.4.33213.308
MinimumVisualStudioVersion = 10.0.40219.1
Project("{9A19103F-16F7-4668-BE54-9A1E7A4F7556}") = "ElectroWorld.Website", "Pipelights.Website\ElectroWorld.Website.csproj", "{301DC623-9826-493C-BCFF-72BC3D084592}"
EndProject
Project("{9A19103F-16F7-4668-BE54-9A1E7A4F7556}") = "Pipelights.Database", "Pipelights.Database\Pipelights.Database.csproj", "{BFC38D8C-D994-4F2C-BF53-A424E18F5A5E}"
EndProject
Project("{9A19103F-16F7-4668-BE54-9A1E7A4F7556}") = "Pipelights.Tests", "Pipelights.Tests\Pipelights.Tests.csproj", "{74640AB6-EE0C-4687-BB32-9AFD6F175D3F}"
EndProject
Global
	GlobalSection(SolutionConfigurationPlatforms) = preSolution
		Debug|Any CPU = Debug|Any CPU
		Release|Any CPU = Release|Any CPU
	EndGlobalSection
	GlobalSection(ProjectConfigurationPlatforms) = postSolution
		{301DC623-9826-493C-BCFF-72BC3D084592}.Debug|Any CPU.ActiveCfg = Debug|Any CPU
		{301DC623-9826-493C-BCFF-72BC3D084592}.Debug|Any CPU.Build.0 = Debug|Any CPU
		{301DC623-9826-493C-BCFF-72BC3D084592}.Release|Any CPU.ActiveCfg = Release|Any CPU
		{301DC623-9826-493C-BCFF-72BC3D084592}.Release|Any CPU.Build.0 = Release|Any CPU
		{BFC38D8C-D994-4F2C-BF53-A424E18F5A5E}.Debug|Any CPU.ActiveCfg = Debug|Any CPU
		{BFC38D8C-D994-4F2C-BF53-A424E18F5A5E}.Debug|Any CPU.Build.0 = Debug|Any CPU
		{BFC38D8C-D994-4F2C-BF53-A424E18F5A5E}.Release|Any CPU.ActiveCfg = Release|Any CPU
		{BFC38D8C-D994-4F2C-BF53-A424E18F5A5E}.Release|Any CPU.Build.0 = Release|Any CPU
		{74640AB6-EE0C-4687-BB32-9AFD6F175D3F}.Debug|Any CPU.ActiveCfg = Debug|Any CPU
		{74640AB6-EE0C-4687-BB32-9AFD6F175D3F}.Debug|Any CPU.Build.0 = Debug|Any CPU
		{74640AB6-EE0C-4687-BB32-9AFD6F175D3F}.Release|Any CPU.ActiveCfg = Release|Any CPU
		{74640AB6-EE0C-4687-BB32-9AFD6F175D3F}.Release|Any CPU.Build.0 = Release|Any CPU
	EndGlobalSection
	GlobalSection(SolutionProperties) = preSolution
		HideSolutionNode = FALSE
	EndGlobalSection
	GlobalSection(ExtensibilityGlobals) = postSolution
		SolutionGuid = {42AF038D-1F64-4432-9B63-7B117BBDAD67}
	EndGlobalSection
EndGlobal
